// !$*UTF8*$!
{
	archiveVersion = 1;
	classes = {
	};
	objectVersion = 50;
	objects = {

/* Begin PBXBuildFile section */
		6DCEFD6D225D6DDE00A941D6 /* AppDelegate.swift in Sources */ = {isa = PBXBuildFile; fileRef = 6DCEFD6C225D6DDE00A941D6 /* AppDelegate.swift */; };
		6DCEFD6F225D6DDE00A941D6 /* ViewController.swift in Sources */ = {isa = PBXBuildFile; fileRef = 6DCEFD6E225D6DDE00A941D6 /* ViewController.swift */; };
		6DCEFD72225D6DDE00A941D6 /* Main.storyboard in Resources */ = {isa = PBXBuildFile; fileRef = 6DCEFD70225D6DDE00A941D6 /* Main.storyboard */; };
		6DCEFD74225D6DE000A941D6 /* Assets.xcassets in Resources */ = {isa = PBXBuildFile; fileRef = 6DCEFD73225D6DE000A941D6 /* Assets.xcassets */; };
		6DCEFD77225D6DE000A941D6 /* LaunchScreen.storyboard in Resources */ = {isa = PBXBuildFile; fileRef = 6DCEFD75225D6DE000A941D6 /* LaunchScreen.storyboard */; };
		6DCEFD7F225D736B00A941D6 /* QuizViewController.swift in Sources */ = {isa = PBXBuildFile; fileRef = 6DCEFD7E225D736B00A941D6 /* QuizViewController.swift */; };
		6DCEFD81225D738000A941D6 /* ResultViewController.swift in Sources */ = {isa = PBXBuildFile; fileRef = 6DCEFD80225D738000A941D6 /* ResultViewController.swift */; };
		6DCEFD83225D753700A941D6 /* Quiz.swift in Sources */ = {isa = PBXBuildFile; fileRef = 6DCEFD82225D753700A941D6 /* Quiz.swift */; };
		6DCEFD85225D755C00A941D6 /* QuizManager.swift in Sources */ = {isa = PBXBuildFile; fileRef = 6DCEFD84225D755C00A941D6 /* QuizManager.swift */; };
/* End PBXBuildFile section */

/* Begin PBXFileReference section */
		6DCEFD69225D6DDE00A941D6 /* SwiftQuiz.app */ = {isa = PBXFileReference; explicitFileType = wrapper.application; includeInIndex = 0; path = SwiftQuiz.app; sourceTree = BUILT_PRODUCTS_DIR; };
		6DCEFD6C225D6DDE00A941D6 /* AppDelegate.swift */ = {isa = PBXFileReference; lastKnownFileType = sourcecode.swift; path = AppDelegate.swift; sourceTree = "<group>"; };
		6DCEFD6E225D6DDE00A941D6 /* ViewController.swift */ = {isa = PBXFileReference; lastKnownFileType = sourcecode.swift; path = ViewController.swift; sourceTree = "<group>"; };
		6DCEFD71225D6DDE00A941D6 /* Base */ = {isa = PBXFileReference; lastKnownFileType = file.storyboard; name = Base; path = Base.lproj/Main.storyboard; sourceTree = "<group>"; };
		6DCEFD73225D6DE000A941D6 /* Assets.xcassets */ = {isa = PBXFileReference; lastKnownFileType = folder.assetcatalog; path = Assets.xcassets; sourceTree = "<group>"; };
		6DCEFD76225D6DE000A941D6 /* Base */ = {isa = PBXFileReference; lastKnownFileType = file.storyboard; name = Base; path = Base.lproj/LaunchScreen.storyboard; sourceTree = "<group>"; };
		6DCEFD78225D6DE000A941D6 /* Info.plist */ = {isa = PBXFileReference; lastKnownFileType = text.plist.xml; path = Info.plist; sourceTree = "<group>"; };
		6DCEFD7E225D736B00A941D6 /* QuizViewController.swift */ = {isa = PBXFileReference; lastKnownFileType = sourcecode.swift; path = QuizViewController.swift; sourceTree = "<group>"; };
		6DCEFD80225D738000A941D6 /* ResultViewController.swift */ = {isa = PBXFileReference; lastKnownFileType = sourcecode.swift; path = ResultViewController.swift; sourceTree = "<group>"; };
		6DCEFD82225D753700A941D6 /* Quiz.swift */ = {isa = PBXFileReference; lastKnownFileType = sourcecode.swift; path = Quiz.swift; sourceTree = "<group>"; };
		6DCEFD84225D755C00A941D6 /* QuizManager.swift */ = {isa = PBXFileReference; lastKnownFileType = sourcecode.swift; path = QuizManager.swift; sourceTree = "<group>"; };
/* End PBXFileReference section */

/* Begin PBXFrameworksBuildPhase section */
		6DCEFD66225D6DDE00A941D6 /* Frameworks */ = {
			isa = PBXFrameworksBuildPhase;
			buildActionMask = 2147483647;
			files = (
			);
			runOnlyForDeploymentPostprocessing = 0;
		};
/* End PBXFrameworksBuildPhase section */

/* Begin PBXGroup section */
		6DCEFD60225D6DDE00A941D6 = {
			isa = PBXGroup;
			children = (
				6DCEFD6B225D6DDE00A941D6 /* SwiftQuiz */,
				6DCEFD6A225D6DDE00A941D6 /* Products */,
			);
			sourceTree = "<group>";
		};
		6DCEFD6A225D6DDE00A941D6 /* Products */ = {
			isa = PBXGroup;
			children = (
				6DCEFD69225D6DDE00A941D6 /* SwiftQuiz.app */,
			);
			name = Products;
			sourceTree = "<group>";
		};
		6DCEFD6B225D6DDE00A941D6 /* SwiftQuiz */ = {
			isa = PBXGroup;
			children = (
				6DCEFD6C225D6DDE00A941D6 /* AppDelegate.swift */,
				6DCEFD6E225D6DDE00A941D6 /* ViewController.swift */,
				6DCEFD70225D6DDE00A941D6 /* Main.storyboard */,
				6DCEFD7E225D736B00A941D6 /* QuizViewController.swift */,
				6DCEFD82225D753700A941D6 /* Quiz.swift */,
				6DCEFD84225D755C00A941D6 /* QuizManager.swift */,
				6DCEFD80225D738000A941D6 /* ResultViewController.swift */,
				6DCEFD73225D6DE000A941D6 /* Assets.xcassets */,
				6DCEFD75225D6DE000A941D6 /* LaunchScreen.storyboard */,
				6DCEFD78225D6DE000A941D6 /* Info.plist */,
			);
			path = SwiftQuiz;
			sourceTree = "<group>";
		};
/* End PBXGroup section */

/* Begin PBXNativeTarget section */
		6DCEFD68225D6DDE00A941D6 /* SwiftQuiz */ = {
			isa = PBXNativeTarget;
			buildConfigurationList = 6DCEFD7B225D6DE000A941D6 /* Build configuration list for PBXNativeTarget "SwiftQuiz" */;
			buildPhases = (
				6DCEFD65225D6DDE00A941D6 /* Sources */,
				6DCEFD66225D6DDE00A941D6 /* Frameworks */,
				6DCEFD67225D6DDE00A941D6 /* Resources */,
			);
			buildRules = (
			);
			dependencies = (
			);
			name = SwiftQuiz;
			productName = SwiftQuiz;
			productReference = 6DCEFD69225D6DDE00A941D6 /* SwiftQuiz.app */;
			productType = "com.apple.product-type.application";
		};
/* End PBXNativeTarget section */

/* Begin PBXProject section */
		6DCEFD61225D6DDE00A941D6 /* Project object */ = {
			isa = PBXProject;
			attributes = {
				LastSwiftUpdateCheck = 1010;
				LastUpgradeCheck = 1010;
				ORGANIZATIONNAME = "Kyrllan Nogueira";
				TargetAttributes = {
					6DCEFD68225D6DDE00A941D6 = {
						CreatedOnToolsVersion = 10.1;
					};
				};
			};
			buildConfigurationList = 6DCEFD64225D6DDE00A941D6 /* Build configuration list for PBXProject "SwiftQuiz" */;
			compatibilityVersion = "Xcode 9.3";
			developmentRegion = en;
			hasScannedForEncodings = 0;
			knownRegions = (
				en,
				Base,
			);
			mainGroup = 6DCEFD60225D6DDE00A941D6;
			productRefGroup = 6DCEFD6A225D6DDE00A941D6 /* Products */;
			projectDirPath = "";
			projectRoot = "";
			targets = (
				6DCEFD68225D6DDE00A941D6 /* SwiftQuiz */,
			);
		};
/* End PBXProject section */

/* Begin PBXResourcesBuildPhase section */
		6DCEFD67225D6DDE00A941D6 /* Resources */ = {
			isa = PBXResourcesBuildPhase;
			buildActionMask = 2147483647;
			files = (
				6DCEFD77225D6DE000A941D6 /* LaunchScreen.storyboard in Resources */,
				6DCEFD74225D6DE000A941D6 /* Assets.xcassets in Resources */,
				6DCEFD72225D6DDE00A941D6 /* Main.storyboard in Resources */,
			);
			runOnlyForDeploymentPostprocessing = 0;
		};
/* End PBXResourcesBuildPhase section */

/* Begin PBXSourcesBuildPhase section */
		6DCEFD65225D6DDE00A941D6 /* Sources */ = {
			isa = PBXSourcesBuildPhase;
			buildActionMask = 2147483647;
			files = (
				6DCEFD7F225D736B00A941D6 /* QuizViewController.swift in Sources */,
				6DCEFD83225D753700A941D6 /* Quiz.swift in Sources */,
				6DCEFD6F225D6DDE00A941D6 /* ViewController.swift in Sources */,
				6DCEFD6D225D6DDE00A941D6 /* AppDelegate.swift in Sources */,
				6DCEFD85225D755C00A941D6 /* QuizManager.swift in Sources */,
				6DCEFD81225D738000A941D6 /* ResultViewController.swift in Sources */,
			);
			runOnlyForDeploymentPostprocessing = 0;
		};
/* End PBXSourcesBuildPhase section */

/* Begin PBXVariantGroup section */
		6DCEFD70225D6DDE00A941D6 /* Main.storyboard */ = {
			isa = PBXVariantGroup;
			children = (
				6DCEFD71225D6DDE00A941D6 /* Base */,
			);
			name = Main.storyboard;
			sourceTree = "<group>";
		};
		6DCEFD75225D6DE000A941D6 /* LaunchScreen.storyboard */ = {
			isa = PBXVariantGroup;
			children = (
				6DCEFD76225D6DE000A941D6 /* Base */,
			);
			name = LaunchScreen.storyboard;
			sourceTree = "<group>";
		};
/* End PBXVariantGroup section */

/* Begin XCBuildConfiguration section */
		6DCEFD79225D6DE000A941D6 /* Debug */ = {
			isa = XCBuildConfiguration;
			buildSettings = {
				ALWAYS_SEARCH_USER_PATHS = NO;
				CLANG_ANALYZER_NONNULL = YES;
				CLANG_ANALYZER_NUMBER_OBJECT_CONVERSION = YES_AGGRESSIVE;
				CLANG_CXX_LANGUAGE_STANDARD = "gnu++14";
				CLANG_CXX_LIBRARY = "libc++";
				CLANG_ENABLE_MODULES = YES;
				CLANG_ENABLE_OBJC_ARC = YES;
				CLANG_ENABLE_OBJC_WEAK = YES;
				CLANG_WARN_BLOCK_CAPTURE_AUTORELEASING = YES;
				CLANG_WARN_BOOL_CONVERSION = YES;
				CLANG_WARN_COMMA = YES;
				CLANG_WARN_CONSTANT_CONVERSION = YES;
				CLANG_WARN_DEPRECATED_OBJC_IMPLEMENTATIONS = YES;
				CLANG_WARN_DIRECT_OBJC_ISA_USAGE = YES_ERROR;
				CLANG_WARN_DOCUMENTATION_COMMENTS = YES;
				CLANG_WARN_EMPTY_BODY = YES;
				CLANG_WARN_ENUM_CONVERSION = YES;
				CLANG_WARN_INFINITE_RECURSION = YES;
				CLANG_WARN_INT_CONVERSION = YES;
				CLANG_WARN_NON_LITERAL_NULL_CONVERSION = YES;
				CLANG_WARN_OBJC_IMPLICIT_RETAIN_SELF = YES;
				CLANG_WARN_OBJC_LITERAL_CONVERSION = YES;
				CLANG_WARN_OBJC_ROOT_CLASS = YES_ERROR;
				CLANG_WARN_RANGE_LOOP_ANALYSIS = YES;
				CLANG_WARN_STRICT_PROTOTYPES = YES;
				CLANG_WARN_SUSPICIOUS_MOVE = YES;
				CLANG_WARN_UNGUARDED_AVAILABILITY = YES_AGGRESSIVE;
				CLANG_WARN_UNREACHABLE_CODE = YES;
				CLANG_WARN__DUPLICATE_METHOD_MATCH = YES;
				CODE_SIGN_IDENTITY = "iPhone Developer";
				COPY_PHASE_STRIP = NO;
				DEBUG_INFORMATION_FORMAT = dwarf;
				ENABLE_STRICT_OBJC_MSGSEND = YES;
				ENABLE_TESTABILITY = YES;
				GCC_C_LANGUAGE_STANDARD = gnu11;
				GCC_DYNAMIC_NO_PIC = NO;
				GCC_NO_COMMON_BLOCKS = YES;
				GCC_OPTIMIZATION_LEVEL = 0;
				GCC_PREPROCESSOR_DEFINITIONS = (
					"DEBUG=1",
					"$(inherited)",
				);
				GCC_WARN_64_TO_32_BIT_CONVERSION = YES;
				GCC_WARN_ABOUT_RETURN_TYPE = YES_ERROR;
				GCC_WARN_UNDECLARED_SELECTOR = YES;
				GCC_WARN_UNINITIALIZED_AUTOS = YES_AGGRESSIVE;
				GCC_WARN_UNUSED_FUNCTION = YES;
				GCC_WARN_UNUSED_VARIABLE = YES;
				IPHONEOS_DEPLOYMENT_TARGET = 12.1;
				MTL_ENABLE_DEBUG_INFO = INCLUDE_SOURCE;
				MTL_FAST_MATH = YES;
				ONLY_ACTIVE_ARCH = YES;
				SDKROOT = iphoneos;
				SWIFT_ACTIVE_COMPILATION_CONDITIONS = DEBUG;
				SWIFT_OPTIMIZATION_LEVEL = "-Onone";
			};
			name = Debug;
		};
		6DCEFD7A225D6DE000A941D6 /* Release */ = {
			isa = XCBuildConfiguration;
			buildSettings = {
				ALWAYS_SEARCH_USER_PATHS = NO;
				CLANG_ANALYZER_NONNULL = YES;
				CLANG_ANALYZER_NUMBER_OBJECT_CONVERSION = YES_AGGRESSIVE;
				CLANG_CXX_LANGUAGE_STANDARD = "gnu++14";
				CLANG_CXX_LIBRARY = "libc++";
				CLANG_ENABLE_MODULES = YES;
				CLANG_ENABLE_OBJC_ARC = YES;
				CLANG_ENABLE_OBJC_WEAK = YES;
				CLANG_WARN_BLOCK_CAPTURE_AUTORELEASING = YES;
				CLANG_WARN_BOOL_CONVERSION = YES;
				CLANG_WARN_COMMA = YES;
				CLANG_WARN_CONSTANT_CONVERSION = YES;
				CLANG_WARN_DEPRECATED_OBJC_IMPLEMENTATIONS = YES;
				CLANG_WARN_DIRECT_OBJC_ISA_USAGE = YES_ERROR;
				CLANG_WARN_DOCUMENTATION_COMMENTS = YES;
				CLANG_WARN_EMPTY_BODY = YES;
				CLANG_WARN_ENUM_CONVERSION = YES;
				CLANG_WARN_INFINITE_RECURSION = YES;
				CLANG_WARN_INT_CONVERSION = YES;
				CLANG_WARN_NON_LITERAL_NULL_CONVERSION = YES;
				CLANG_WARN_OBJC_IMPLICIT_RETAIN_SELF = YES;
				CLANG_WARN_OBJC_LITERAL_CONVERSION = YES;
				CLANG_WARN_OBJC_ROOT_CLASS = YES_ERROR;
				CLANG_WARN_RANGE_LOOP_ANALYSIS = YES;
				CLANG_WARN_STRICT_PROTOTYPES = YES;
				CLANG_WARN_SUSPICIOUS_MOVE = YES;
				CLANG_WARN_UNGUARDED_AVAILABILITY = YES_AGGRESSIVE;
				CLANG_WARN_UNREACHABLE_CODE = YES;
				CLANG_WARN__DUPLICATE_METHOD_MATCH = YES;
				CODE_SIGN_IDENTITY = "iPhone Developer";
				COPY_PHASE_STRIP = NO;
				DEBUG_INFORMATION_FORMAT = "dwarf-with-dsym";
				ENABLE_NS_ASSERTIONS = NO;
				ENABLE_STRICT_OBJC_MSGSEND = YES;
				GCC_C_LANGUAGE_STANDARD = gnu11;
				GCC_NO_COMMON_BLOCKS = YES;
				GCC_WARN_64_TO_32_BIT_CONVERSION = YES;
				GCC_WARN_ABOUT_RETURN_TYPE = YES_ERROR;
				GCC_WARN_UNDECLARED_SELECTOR = YES;
				GCC_WARN_UNINITIALIZED_AUTOS = YES_AGGRESSIVE;
				GCC_WARN_UNUSED_FUNCTION = YES;
				GCC_WARN_UNUSED_VARIABLE = YES;
				IPHONEOS_DEPLOYMENT_TARGET = 12.1;
				MTL_ENABLE_DEBUG_INFO = NO;
				MTL_FAST_MATH = YES;
				SDKROOT = iphoneos;
				SWIFT_COMPILATION_MODE = wholemodule;
				SWIFT_OPTIMIZATION_LEVEL = "-O";
				VALIDATE_PRODUCT = YES;
			};
			name = Release;
		};
		6DCEFD7C225D6DE000A941D6 /* Debug */ = {
			isa = XCBuildConfiguration;
			buildSettings = {
				ASSETCATALOG_COMPILER_APPICON_NAME = AppIcon;
				CODE_SIGN_STYLE = Automatic;
				DEVELOPMENT_TEAM = SDNXN7YB6U;
				INFOPLIST_FILE = SwiftQuiz/Info.plist;
				LD_RUNPATH_SEARCH_PATHS = (
					"$(inherited)",
					"@executable_path/Frameworks",
				);
				PRODUCT_BUNDLE_IDENTIFIER = com.kyrllan.SwiftQuiz;
				PRODUCT_NAME = "$(TARGET_NAME)";
				SWIFT_VERSION = 4.2;
				TARGETED_DEVICE_FAMILY = 1;
			};
			name = Debug;
		};
		6DCEFD7D225D6DE000A941D6 /* Release */ = {
			isa = XCBuildConfiguration;
			buildSettings = {
				ASSETCATALOG_COMPILER_APPICON_NAME = AppIcon;
				CODE_SIGN_STYLE = Automatic;
				DEVELOPMENT_TEAM = SDNXN7YB6U;
				INFOPLIST_FILE = SwiftQuiz/Info.plist;
				LD_RUNPATH_SEARCH_PATHS = (
					"$(inherited)",
					"@executable_path/Frameworks",
				);
				PRODUCT_BUNDLE_IDENTIFIER = com.kyrllan.SwiftQuiz;
				PRODUCT_NAME = "$(TARGET_NAME)";
				SWIFT_VERSION = 4.2;
				TARGETED_DEVICE_FAMILY = 1;
			};
			name = Release;
		};
/* End XCBuildConfiguration section */

/* Begin XCConfigurationList section */
		6DCEFD64225D6DDE00A941D6 /* Build configuration list for PBXProject "SwiftQuiz" */ = {
			isa = XCConfigurationList;
			buildConfigurations = (
				6DCEFD79225D6DE000A941D6 /* Debug */,
				6DCEFD7A225D6DE000A941D6 /* Release */,
			);
			defaultConfigurationIsVisible = 0;
			defaultConfigurationName = Release;
		};
		6DCEFD7B225D6DE000A941D6 /* Build configuration list for PBXNativeTarget "SwiftQuiz" */ = {
			isa = XCConfigurationList;
			buildConfigurations = (
				6DCEFD7C225D6DE000A941D6 /* Debug */,
				6DCEFD7D225D6DE000A941D6 /* Release */,
			);
			defaultConfigurationIsVisible = 0;
			defaultConfigurationName = Release;
		};
/* End XCConfigurationList section */
	};
	rootObject = 6DCEFD61225D6DDE00A941D6 /* Project object */;
}
